// !$*UTF8*$!
{
	archiveVersion = 1;
	classes = {
	};
	objectVersion = 46;
	objects = {

/* Begin PBXBuildFile section */
		AA2F4EAB1D9ED6030049F6C0 /* main.m in Sources */ = {isa = PBXBuildFile; fileRef = AA2F4EAA1D9ED6030049F6C0 /* main.m */; };
		AA2F4EAE1D9ED6040049F6C0 /* AppDelegate.m in Sources */ = {isa = PBXBuildFile; fileRef = AA2F4EAD1D9ED6040049F6C0 /* AppDelegate.m */; };
		AA2F4EB91D9ED6040049F6C0 /* Assets.xcassets in Resources */ = {isa = PBXBuildFile; fileRef = AA2F4EB81D9ED6040049F6C0 /* Assets.xcassets */; };
		AA2F4ECD1D9EDAA30049F6C0 /* AGTCoreDataCollectionViewController.m in Sources */ = {isa = PBXBuildFile; fileRef = AA2F4EC81D9EDAA30049F6C0 /* AGTCoreDataCollectionViewController.m */; };
		AA2F4ECE1D9EDAA30049F6C0 /* AGTCoreDataStack.m in Sources */ = {isa = PBXBuildFile; fileRef = AA2F4ECA1D9EDAA30049F6C0 /* AGTCoreDataStack.m */; };
		AA2F4ECF1D9EDAA30049F6C0 /* AGTCoreDataTableViewController.m in Sources */ = {isa = PBXBuildFile; fileRef = AA2F4ECC1D9EDAA30049F6C0 /* AGTCoreDataTableViewController.m */; };
		AAB410D61D9EDDB5006E7E29 /* JARDownloadHelper.m in Sources */ = {isa = PBXBuildFile; fileRef = AAB410D51D9EDDB5006E7E29 /* JARDownloadHelper.m */; };
		AAB410DA1D9EDEC4006E7E29 /* Library.xcdatamodeld in Sources */ = {isa = PBXBuildFile; fileRef = AAB410D81D9EDEC4006E7E29 /* Library.xcdatamodeld */; };
		AAB410DD1D9EEADB006E7E29 /* JARLibraryBaseClass.m in Sources */ = {isa = PBXBuildFile; fileRef = AAB410DC1D9EEADB006E7E29 /* JARLibraryBaseClass.m */; };
		AAB4111A1D9EF765006E7E29 /* JARAnnotation.m in Sources */ = {isa = PBXBuildFile; fileRef = AAB411051D9EF765006E7E29 /* JARAnnotation.m */; };
		AAB4111B1D9EF765006E7E29 /* JARAuthor.m in Sources */ = {isa = PBXBuildFile; fileRef = AAB411071D9EF765006E7E29 /* JARAuthor.m */; };
		AAB4111C1D9EF765006E7E29 /* JARBook.m in Sources */ = {isa = PBXBuildFile; fileRef = AAB411091D9EF765006E7E29 /* JARBook.m */; };
		AAB4111D1D9EF765006E7E29 /* JARCover.m in Sources */ = {isa = PBXBuildFile; fileRef = AAB4110B1D9EF765006E7E29 /* JARCover.m */; };
		AAB4111E1D9EF765006E7E29 /* JARDate.m in Sources */ = {isa = PBXBuildFile; fileRef = AAB4110D1D9EF765006E7E29 /* JARDate.m */; };
		AAB4111F1D9EF765006E7E29 /* JARLabel.m in Sources */ = {isa = PBXBuildFile; fileRef = AAB4110F1D9EF765006E7E29 /* JARLabel.m */; };
		AAB411201D9EF765006E7E29 /* JARLocation.m in Sources */ = {isa = PBXBuildFile; fileRef = AAB411111D9EF765006E7E29 /* JARLocation.m */; };
		AAB411211D9EF765006E7E29 /* JARPdf.m in Sources */ = {isa = PBXBuildFile; fileRef = AAB411131D9EF765006E7E29 /* JARPdf.m */; };
		AAB411221D9EF765006E7E29 /* JARPhoto.m in Sources */ = {isa = PBXBuildFile; fileRef = AAB411151D9EF765006E7E29 /* JARPhoto.m */; };
		AAB411231D9EF765006E7E29 /* JARTag.m in Sources */ = {isa = PBXBuildFile; fileRef = AAB411171D9EF765006E7E29 /* JARTag.m */; };
		AAB411241D9EF765006E7E29 /* JARWriter.m in Sources */ = {isa = PBXBuildFile; fileRef = AAB411191D9EF765006E7E29 /* JARWriter.m */; };
		AAB4113D1D9EF785006E7E29 /* _JARAnnotation.m in Sources */ = {isa = PBXBuildFile; fileRef = AAB411261D9EF785006E7E29 /* _JARAnnotation.m */; };
		AAB4113E1D9EF785006E7E29 /* _JARAuthor.m in Sources */ = {isa = PBXBuildFile; fileRef = AAB411281D9EF785006E7E29 /* _JARAuthor.m */; };
		AAB4113F1D9EF785006E7E29 /* _JARBook.m in Sources */ = {isa = PBXBuildFile; fileRef = AAB4112A1D9EF785006E7E29 /* _JARBook.m */; };
		AAB411401D9EF785006E7E29 /* _JARBookResource.m in Sources */ = {isa = PBXBuildFile; fileRef = AAB4112C1D9EF785006E7E29 /* _JARBookResource.m */; };
		AAB411411D9EF785006E7E29 /* _JARCover.m in Sources */ = {isa = PBXBuildFile; fileRef = AAB4112E1D9EF785006E7E29 /* _JARCover.m */; };
		AAB411421D9EF785006E7E29 /* _JARDate.m in Sources */ = {isa = PBXBuildFile; fileRef = AAB411301D9EF785006E7E29 /* _JARDate.m */; };
		AAB411431D9EF785006E7E29 /* _JARLabel.m in Sources */ = {isa = PBXBuildFile; fileRef = AAB411321D9EF785006E7E29 /* _JARLabel.m */; };
		AAB411441D9EF785006E7E29 /* _JARLocation.m in Sources */ = {isa = PBXBuildFile; fileRef = AAB411341D9EF785006E7E29 /* _JARLocation.m */; };
		AAB411451D9EF785006E7E29 /* _JARPdf.m in Sources */ = {isa = PBXBuildFile; fileRef = AAB411361D9EF785006E7E29 /* _JARPdf.m */; };
		AAB411461D9EF785006E7E29 /* _JARPhoto.m in Sources */ = {isa = PBXBuildFile; fileRef = AAB411381D9EF785006E7E29 /* _JARPhoto.m */; };
		AAB411471D9EF785006E7E29 /* _JARTag.m in Sources */ = {isa = PBXBuildFile; fileRef = AAB4113A1D9EF785006E7E29 /* _JARTag.m */; };
		AAB411481D9EF785006E7E29 /* _JARWriter.m in Sources */ = {isa = PBXBuildFile; fileRef = AAB4113C1D9EF785006E7E29 /* _JARWriter.m */; };
		AAB4114D1D9EF8D6006E7E29 /* JARAnnotationViewCell.m in Sources */ = {isa = PBXBuildFile; fileRef = AAB4114B1D9EF8D6006E7E29 /* JARAnnotationViewCell.m */; };
		AAB4114E1D9EF8D6006E7E29 /* JARAnnotationViewCell.xib in Resources */ = {isa = PBXBuildFile; fileRef = AAB4114C1D9EF8D6006E7E29 /* JARAnnotationViewCell.xib */; };
		AAB411521D9F0A47006E7E29 /* JARViewController+Navigation.m in Sources */ = {isa = PBXBuildFile; fileRef = AAB411511D9F0A47006E7E29 /* JARViewController+Navigation.m */; };
		AAB411551D9F0BDF006E7E29 /* JARNSString+Validation.m in Sources */ = {isa = PBXBuildFile; fileRef = AAB411541D9F0BDF006E7E29 /* JARNSString+Validation.m */; };
/* End PBXBuildFile section */

/* Begin PBXFileReference section */
		AA2F4EA61D9ED6030049F6C0 /* HackerBooks2.app */ = {isa = PBXFileReference; explicitFileType = wrapper.application; includeInIndex = 0; path = HackerBooks2.app; sourceTree = BUILT_PRODUCTS_DIR; };
		AA2F4EAA1D9ED6030049F6C0 /* main.m */ = {isa = PBXFileReference; lastKnownFileType = sourcecode.c.objc; path = main.m; sourceTree = "<group>"; };
		AA2F4EAC1D9ED6040049F6C0 /* AppDelegate.h */ = {isa = PBXFileReference; lastKnownFileType = sourcecode.c.h; path = AppDelegate.h; sourceTree = "<group>"; };
		AA2F4EAD1D9ED6040049F6C0 /* AppDelegate.m */ = {isa = PBXFileReference; lastKnownFileType = sourcecode.c.objc; path = AppDelegate.m; sourceTree = "<group>"; };
		AA2F4EB81D9ED6040049F6C0 /* Assets.xcassets */ = {isa = PBXFileReference; lastKnownFileType = folder.assetcatalog; path = Assets.xcassets; sourceTree = "<group>"; };
		AA2F4EBD1D9ED6040049F6C0 /* Info.plist */ = {isa = PBXFileReference; lastKnownFileType = text.plist.xml; path = Info.plist; sourceTree = "<group>"; };
		AA2F4EC31D9ED93C0049F6C0 /* Settings.h */ = {isa = PBXFileReference; lastKnownFileType = sourcecode.c.h; path = Settings.h; sourceTree = "<group>"; };
		AA2F4EC41D9ED9760049F6C0 /* NotificationKeys.h */ = {isa = PBXFileReference; lastKnownFileType = sourcecode.c.h; path = NotificationKeys.h; sourceTree = "<group>"; };
		AA2F4EC51D9ED9B50049F6C0 /* ErrorDomains.h */ = {isa = PBXFileReference; lastKnownFileType = sourcecode.c.h; path = ErrorDomains.h; sourceTree = "<group>"; };
		AA2F4EC71D9EDAA30049F6C0 /* AGTCoreDataCollectionViewController.h */ = {isa = PBXFileReference; fileEncoding = 4; lastKnownFileType = sourcecode.c.h; path = AGTCoreDataCollectionViewController.h; sourceTree = "<group>"; };
		AA2F4EC81D9EDAA30049F6C0 /* AGTCoreDataCollectionViewController.m */ = {isa = PBXFileReference; fileEncoding = 4; lastKnownFileType = sourcecode.c.objc; path = AGTCoreDataCollectionViewController.m; sourceTree = "<group>"; };
		AA2F4EC91D9EDAA30049F6C0 /* AGTCoreDataStack.h */ = {isa = PBXFileReference; fileEncoding = 4; lastKnownFileType = sourcecode.c.h; path = AGTCoreDataStack.h; sourceTree = "<group>"; };
		AA2F4ECA1D9EDAA30049F6C0 /* AGTCoreDataStack.m */ = {isa = PBXFileReference; fileEncoding = 4; lastKnownFileType = sourcecode.c.objc; path = AGTCoreDataStack.m; sourceTree = "<group>"; };
		AA2F4ECB1D9EDAA30049F6C0 /* AGTCoreDataTableViewController.h */ = {isa = PBXFileReference; fileEncoding = 4; lastKnownFileType = sourcecode.c.h; path = AGTCoreDataTableViewController.h; sourceTree = "<group>"; };
		AA2F4ECC1D9EDAA30049F6C0 /* AGTCoreDataTableViewController.m */ = {isa = PBXFileReference; fileEncoding = 4; lastKnownFileType = sourcecode.c.objc; path = AGTCoreDataTableViewController.m; sourceTree = "<group>"; };
		AAB410D41D9EDDB5006E7E29 /* JARDownloadHelper.h */ = {isa = PBXFileReference; fileEncoding = 4; lastKnownFileType = sourcecode.c.h; path = JARDownloadHelper.h; sourceTree = "<group>"; };
		AAB410D51D9EDDB5006E7E29 /* JARDownloadHelper.m */ = {isa = PBXFileReference; fileEncoding = 4; lastKnownFileType = sourcecode.c.objc; path = JARDownloadHelper.m; sourceTree = "<group>"; };
		AAB410D91D9EDEC4006E7E29 /* Library.xcdatamodel */ = {isa = PBXFileReference; lastKnownFileType = wrapper.xcdatamodel; path = Library.xcdatamodel; sourceTree = "<group>"; };
		AAB410DB1D9EEADB006E7E29 /* JARLibraryBaseClass.h */ = {isa = PBXFileReference; fileEncoding = 4; lastKnownFileType = sourcecode.c.h; path = JARLibraryBaseClass.h; sourceTree = "<group>"; };
		AAB410DC1D9EEADB006E7E29 /* JARLibraryBaseClass.m */ = {isa = PBXFileReference; fileEncoding = 4; lastKnownFileType = sourcecode.c.objc; path = JARLibraryBaseClass.m; sourceTree = "<group>"; };
		AAB411041D9EF765006E7E29 /* JARAnnotation.h */ = {isa = PBXFileReference; fileEncoding = 4; lastKnownFileType = sourcecode.c.h; path = JARAnnotation.h; sourceTree = "<group>"; };
		AAB411051D9EF765006E7E29 /* JARAnnotation.m */ = {isa = PBXFileReference; fileEncoding = 4; lastKnownFileType = sourcecode.c.objc; path = JARAnnotation.m; sourceTree = "<group>"; };
		AAB411061D9EF765006E7E29 /* JARAuthor.h */ = {isa = PBXFileReference; fileEncoding = 4; lastKnownFileType = sourcecode.c.h; path = JARAuthor.h; sourceTree = "<group>"; };
		AAB411071D9EF765006E7E29 /* JARAuthor.m */ = {isa = PBXFileReference; fileEncoding = 4; lastKnownFileType = sourcecode.c.objc; path = JARAuthor.m; sourceTree = "<group>"; };
		AAB411081D9EF765006E7E29 /* JARBook.h */ = {isa = PBXFileReference; fileEncoding = 4; lastKnownFileType = sourcecode.c.h; path = JARBook.h; sourceTree = "<group>"; };
		AAB411091D9EF765006E7E29 /* JARBook.m */ = {isa = PBXFileReference; fileEncoding = 4; lastKnownFileType = sourcecode.c.objc; path = JARBook.m; sourceTree = "<group>"; };
		AAB4110A1D9EF765006E7E29 /* JARCover.h */ = {isa = PBXFileReference; fileEncoding = 4; lastKnownFileType = sourcecode.c.h; path = JARCover.h; sourceTree = "<group>"; };
		AAB4110B1D9EF765006E7E29 /* JARCover.m */ = {isa = PBXFileReference; fileEncoding = 4; lastKnownFileType = sourcecode.c.objc; path = JARCover.m; sourceTree = "<group>"; };
		AAB4110C1D9EF765006E7E29 /* JARDate.h */ = {isa = PBXFileReference; fileEncoding = 4; lastKnownFileType = sourcecode.c.h; path = JARDate.h; sourceTree = "<group>"; };
		AAB4110D1D9EF765006E7E29 /* JARDate.m */ = {isa = PBXFileReference; fileEncoding = 4; lastKnownFileType = sourcecode.c.objc; path = JARDate.m; sourceTree = "<group>"; };
		AAB4110E1D9EF765006E7E29 /* JARLabel.h */ = {isa = PBXFileReference; fileEncoding = 4; lastKnownFileType = sourcecode.c.h; path = JARLabel.h; sourceTree = "<group>"; };
		AAB4110F1D9EF765006E7E29 /* JARLabel.m */ = {isa = PBXFileReference; fileEncoding = 4; lastKnownFileType = sourcecode.c.objc; path = JARLabel.m; sourceTree = "<group>"; };
		AAB411101D9EF765006E7E29 /* JARLocation.h */ = {isa = PBXFileReference; fileEncoding = 4; lastKnownFileType = sourcecode.c.h; path = JARLocation.h; sourceTree = "<group>"; };
		AAB411111D9EF765006E7E29 /* JARLocation.m */ = {isa = PBXFileReference; fileEncoding = 4; lastKnownFileType = sourcecode.c.objc; path = JARLocation.m; sourceTree = "<group>"; };
		AAB411121D9EF765006E7E29 /* JARPdf.h */ = {isa = PBXFileReference; fileEncoding = 4; lastKnownFileType = sourcecode.c.h; path = JARPdf.h; sourceTree = "<group>"; };
		AAB411131D9EF765006E7E29 /* JARPdf.m */ = {isa = PBXFileReference; fileEncoding = 4; lastKnownFileType = sourcecode.c.objc; path = JARPdf.m; sourceTree = "<group>"; };
		AAB411141D9EF765006E7E29 /* JARPhoto.h */ = {isa = PBXFileReference; fileEncoding = 4; lastKnownFileType = sourcecode.c.h; path = JARPhoto.h; sourceTree = "<group>"; };
		AAB411151D9EF765006E7E29 /* JARPhoto.m */ = {isa = PBXFileReference; fileEncoding = 4; lastKnownFileType = sourcecode.c.objc; path = JARPhoto.m; sourceTree = "<group>"; };
		AAB411161D9EF765006E7E29 /* JARTag.h */ = {isa = PBXFileReference; fileEncoding = 4; lastKnownFileType = sourcecode.c.h; path = JARTag.h; sourceTree = "<group>"; };
		AAB411171D9EF765006E7E29 /* JARTag.m */ = {isa = PBXFileReference; fileEncoding = 4; lastKnownFileType = sourcecode.c.objc; path = JARTag.m; sourceTree = "<group>"; };
		AAB411181D9EF765006E7E29 /* JARWriter.h */ = {isa = PBXFileReference; fileEncoding = 4; lastKnownFileType = sourcecode.c.h; path = JARWriter.h; sourceTree = "<group>"; };
		AAB411191D9EF765006E7E29 /* JARWriter.m */ = {isa = PBXFileReference; fileEncoding = 4; lastKnownFileType = sourcecode.c.objc; path = JARWriter.m; sourceTree = "<group>"; };
		AAB411251D9EF785006E7E29 /* _JARAnnotation.h */ = {isa = PBXFileReference; fileEncoding = 4; lastKnownFileType = sourcecode.c.h; path = _JARAnnotation.h; sourceTree = "<group>"; };
		AAB411261D9EF785006E7E29 /* _JARAnnotation.m */ = {isa = PBXFileReference; fileEncoding = 4; lastKnownFileType = sourcecode.c.objc; path = _JARAnnotation.m; sourceTree = "<group>"; };
		AAB411271D9EF785006E7E29 /* _JARAuthor.h */ = {isa = PBXFileReference; fileEncoding = 4; lastKnownFileType = sourcecode.c.h; path = _JARAuthor.h; sourceTree = "<group>"; };
		AAB411281D9EF785006E7E29 /* _JARAuthor.m */ = {isa = PBXFileReference; fileEncoding = 4; lastKnownFileType = sourcecode.c.objc; path = _JARAuthor.m; sourceTree = "<group>"; };
		AAB411291D9EF785006E7E29 /* _JARBook.h */ = {isa = PBXFileReference; fileEncoding = 4; lastKnownFileType = sourcecode.c.h; path = _JARBook.h; sourceTree = "<group>"; };
		AAB4112A1D9EF785006E7E29 /* _JARBook.m */ = {isa = PBXFileReference; fileEncoding = 4; lastKnownFileType = sourcecode.c.objc; path = _JARBook.m; sourceTree = "<group>"; };
		AAB4112B1D9EF785006E7E29 /* _JARBookResource.h */ = {isa = PBXFileReference; fileEncoding = 4; lastKnownFileType = sourcecode.c.h; path = _JARBookResource.h; sourceTree = "<group>"; };
		AAB4112C1D9EF785006E7E29 /* _JARBookResource.m */ = {isa = PBXFileReference; fileEncoding = 4; lastKnownFileType = sourcecode.c.objc; path = _JARBookResource.m; sourceTree = "<group>"; };
		AAB4112D1D9EF785006E7E29 /* _JARCover.h */ = {isa = PBXFileReference; fileEncoding = 4; lastKnownFileType = sourcecode.c.h; path = _JARCover.h; sourceTree = "<group>"; };
		AAB4112E1D9EF785006E7E29 /* _JARCover.m */ = {isa = PBXFileReference; fileEncoding = 4; lastKnownFileType = sourcecode.c.objc; path = _JARCover.m; sourceTree = "<group>"; };
		AAB4112F1D9EF785006E7E29 /* _JARDate.h */ = {isa = PBXFileReference; fileEncoding = 4; lastKnownFileType = sourcecode.c.h; path = _JARDate.h; sourceTree = "<group>"; };
		AAB411301D9EF785006E7E29 /* _JARDate.m */ = {isa = PBXFileReference; fileEncoding = 4; lastKnownFileType = sourcecode.c.objc; path = _JARDate.m; sourceTree = "<group>"; };
		AAB411311D9EF785006E7E29 /* _JARLabel.h */ = {isa = PBXFileReference; fileEncoding = 4; lastKnownFileType = sourcecode.c.h; path = _JARLabel.h; sourceTree = "<group>"; };
		AAB411321D9EF785006E7E29 /* _JARLabel.m */ = {isa = PBXFileReference; fileEncoding = 4; lastKnownFileType = sourcecode.c.objc; path = _JARLabel.m; sourceTree = "<group>"; };
		AAB411331D9EF785006E7E29 /* _JARLocation.h */ = {isa = PBXFileReference; fileEncoding = 4; lastKnownFileType = sourcecode.c.h; path = _JARLocation.h; sourceTree = "<group>"; };
		AAB411341D9EF785006E7E29 /* _JARLocation.m */ = {isa = PBXFileReference; fileEncoding = 4; lastKnownFileType = sourcecode.c.objc; path = _JARLocation.m; sourceTree = "<group>"; };
		AAB411351D9EF785006E7E29 /* _JARPdf.h */ = {isa = PBXFileReference; fileEncoding = 4; lastKnownFileType = sourcecode.c.h; path = _JARPdf.h; sourceTree = "<group>"; };
		AAB411361D9EF785006E7E29 /* _JARPdf.m */ = {isa = PBXFileReference; fileEncoding = 4; lastKnownFileType = sourcecode.c.objc; path = _JARPdf.m; sourceTree = "<group>"; };
		AAB411371D9EF785006E7E29 /* _JARPhoto.h */ = {isa = PBXFileReference; fileEncoding = 4; lastKnownFileType = sourcecode.c.h; path = _JARPhoto.h; sourceTree = "<group>"; };
		AAB411381D9EF785006E7E29 /* _JARPhoto.m */ = {isa = PBXFileReference; fileEncoding = 4; lastKnownFileType = sourcecode.c.objc; path = _JARPhoto.m; sourceTree = "<group>"; };
		AAB411391D9EF785006E7E29 /* _JARTag.h */ = {isa = PBXFileReference; fileEncoding = 4; lastKnownFileType = sourcecode.c.h; path = _JARTag.h; sourceTree = "<group>"; };
		AAB4113A1D9EF785006E7E29 /* _JARTag.m */ = {isa = PBXFileReference; fileEncoding = 4; lastKnownFileType = sourcecode.c.objc; path = _JARTag.m; sourceTree = "<group>"; };
		AAB4113B1D9EF785006E7E29 /* _JARWriter.h */ = {isa = PBXFileReference; fileEncoding = 4; lastKnownFileType = sourcecode.c.h; path = _JARWriter.h; sourceTree = "<group>"; };
		AAB4113C1D9EF785006E7E29 /* _JARWriter.m */ = {isa = PBXFileReference; fileEncoding = 4; lastKnownFileType = sourcecode.c.objc; path = _JARWriter.m; sourceTree = "<group>"; };
		AAB4114A1D9EF8D6006E7E29 /* JARAnnotationViewCell.h */ = {isa = PBXFileReference; fileEncoding = 4; lastKnownFileType = sourcecode.c.h; path = JARAnnotationViewCell.h; sourceTree = "<group>"; };
		AAB4114B1D9EF8D6006E7E29 /* JARAnnotationViewCell.m */ = {isa = PBXFileReference; fileEncoding = 4; lastKnownFileType = sourcecode.c.objc; path = JARAnnotationViewCell.m; sourceTree = "<group>"; };
		AAB4114C1D9EF8D6006E7E29 /* JARAnnotationViewCell.xib */ = {isa = PBXFileReference; fileEncoding = 4; lastKnownFileType = file.xib; path = JARAnnotationViewCell.xib; sourceTree = "<group>"; };
		AAB411501D9F0A47006E7E29 /* JARViewController+Navigation.h */ = {isa = PBXFileReference; fileEncoding = 4; lastKnownFileType = sourcecode.c.h; path = "JARViewController+Navigation.h"; sourceTree = "<group>"; };
		AAB411511D9F0A47006E7E29 /* JARViewController+Navigation.m */ = {isa = PBXFileReference; fileEncoding = 4; lastKnownFileType = sourcecode.c.objc; path = "JARViewController+Navigation.m"; sourceTree = "<group>"; };
		AAB411531D9F0BDF006E7E29 /* JARNSString+Validation.h */ = {isa = PBXFileReference; fileEncoding = 4; lastKnownFileType = sourcecode.c.h; path = "JARNSString+Validation.h"; sourceTree = "<group>"; };
		AAB411541D9F0BDF006E7E29 /* JARNSString+Validation.m */ = {isa = PBXFileReference; fileEncoding = 4; lastKnownFileType = sourcecode.c.objc; path = "JARNSString+Validation.m"; sourceTree = "<group>"; };
/* End PBXFileReference section */

/* Begin PBXFrameworksBuildPhase section */
		AA2F4EA31D9ED6030049F6C0 /* Frameworks */ = {
			isa = PBXFrameworksBuildPhase;
			buildActionMask = 2147483647;
			files = (
			);
			runOnlyForDeploymentPostprocessing = 0;
		};
/* End PBXFrameworksBuildPhase section */

/* Begin PBXGroup section */
		AA2F4E9D1D9ED6030049F6C0 = {
			isa = PBXGroup;
			children = (
				AA2F4EA81D9ED6030049F6C0 /* HackerBooks2 */,
				AA2F4EA71D9ED6030049F6C0 /* Products */,
			);
			sourceTree = "<group>";
		};
		AA2F4EA71D9ED6030049F6C0 /* Products */ = {
			isa = PBXGroup;
			children = (
				AA2F4EA61D9ED6030049F6C0 /* HackerBooks2.app */,
			);
			name = Products;
			sourceTree = "<group>";
		};
		AA2F4EA81D9ED6030049F6C0 /* HackerBooks2 */ = {
			isa = PBXGroup;
			children = (
				AAB411491D9EF84A006E7E29 /* Views */,
				AAB410D71D9EDEAC006E7E29 /* Model */,
				AA2F4EC61D9EDA540049F6C0 /* Controllers */,
				AA2F4EAC1D9ED6040049F6C0 /* AppDelegate.h */,
				AA2F4EAD1D9ED6040049F6C0 /* AppDelegate.m */,
				AA2F4EB81D9ED6040049F6C0 /* Assets.xcassets */,
				AA2F4EBD1D9ED6040049F6C0 /* Info.plist */,
				AA2F4EA91D9ED6030049F6C0 /* Supporting Files */,
				AA2F4EC31D9ED93C0049F6C0 /* Settings.h */,
				AA2F4EC41D9ED9760049F6C0 /* NotificationKeys.h */,
				AA2F4EC51D9ED9B50049F6C0 /* ErrorDomains.h */,
			);
			path = HackerBooks2;
			sourceTree = "<group>";
		};
		AA2F4EA91D9ED6030049F6C0 /* Supporting Files */ = {
			isa = PBXGroup;
			children = (
				AA2F4EAA1D9ED6030049F6C0 /* main.m */,
			);
			name = "Supporting Files";
			sourceTree = "<group>";
		};
		AA2F4EC61D9EDA540049F6C0 /* Controllers */ = {
			isa = PBXGroup;
			children = (
				AA2F4EC71D9EDAA30049F6C0 /* AGTCoreDataCollectionViewController.h */,
				AA2F4EC81D9EDAA30049F6C0 /* AGTCoreDataCollectionViewController.m */,
				AA2F4EC91D9EDAA30049F6C0 /* AGTCoreDataStack.h */,
				AA2F4ECA1D9EDAA30049F6C0 /* AGTCoreDataStack.m */,
				AA2F4ECB1D9EDAA30049F6C0 /* AGTCoreDataTableViewController.h */,
				AA2F4ECC1D9EDAA30049F6C0 /* AGTCoreDataTableViewController.m */,
				AAB410D41D9EDDB5006E7E29 /* JARDownloadHelper.h */,
				AAB410D51D9EDDB5006E7E29 /* JARDownloadHelper.m */,
				AAB411501D9F0A47006E7E29 /* JARViewController+Navigation.h */,
				AAB411511D9F0A47006E7E29 /* JARViewController+Navigation.m */,
				AAB411531D9F0BDF006E7E29 /* JARNSString+Validation.h */,
				AAB411541D9F0BDF006E7E29 /* JARNSString+Validation.m */,
			);
			name = Controllers;
			sourceTree = "<group>";
		};
		AAB410D71D9EDEAC006E7E29 /* Model */ = {
			isa = PBXGroup;
			children = (
				AAB410DF1D9EF065006E7E29 /* Human */,
				AAB410DE1D9EF05B006E7E29 /* Machine */,
				AAB410D81D9EDEC4006E7E29 /* Library.xcdatamodeld */,
				AAB410DB1D9EEADB006E7E29 /* JARLibraryBaseClass.h */,
				AAB410DC1D9EEADB006E7E29 /* JARLibraryBaseClass.m */,
			);
			name = Model;
			sourceTree = "<group>";
		};
		AAB410DE1D9EF05B006E7E29 /* Machine */ = {
			isa = PBXGroup;
			children = (
				AAB411251D9EF785006E7E29 /* _JARAnnotation.h */,
				AAB411261D9EF785006E7E29 /* _JARAnnotation.m */,
				AAB411271D9EF785006E7E29 /* _JARAuthor.h */,
				AAB411281D9EF785006E7E29 /* _JARAuthor.m */,
				AAB411291D9EF785006E7E29 /* _JARBook.h */,
				AAB4112A1D9EF785006E7E29 /* _JARBook.m */,
				AAB4112B1D9EF785006E7E29 /* _JARBookResource.h */,
				AAB4112C1D9EF785006E7E29 /* _JARBookResource.m */,
				AAB4112D1D9EF785006E7E29 /* _JARCover.h */,
				AAB4112E1D9EF785006E7E29 /* _JARCover.m */,
				AAB4112F1D9EF785006E7E29 /* _JARDate.h */,
				AAB411301D9EF785006E7E29 /* _JARDate.m */,
				AAB411311D9EF785006E7E29 /* _JARLabel.h */,
				AAB411321D9EF785006E7E29 /* _JARLabel.m */,
				AAB411331D9EF785006E7E29 /* _JARLocation.h */,
				AAB411341D9EF785006E7E29 /* _JARLocation.m */,
				AAB411351D9EF785006E7E29 /* _JARPdf.h */,
				AAB411361D9EF785006E7E29 /* _JARPdf.m */,
				AAB411371D9EF785006E7E29 /* _JARPhoto.h */,
				AAB411381D9EF785006E7E29 /* _JARPhoto.m */,
				AAB411391D9EF785006E7E29 /* _JARTag.h */,
				AAB4113A1D9EF785006E7E29 /* _JARTag.m */,
				AAB4113B1D9EF785006E7E29 /* _JARWriter.h */,
				AAB4113C1D9EF785006E7E29 /* _JARWriter.m */,
			);
			name = Machine;
			sourceTree = "<group>";
		};
		AAB410DF1D9EF065006E7E29 /* Human */ = {
			isa = PBXGroup;
			children = (
				AAB411041D9EF765006E7E29 /* JARAnnotation.h */,
				AAB411051D9EF765006E7E29 /* JARAnnotation.m */,
				AAB411061D9EF765006E7E29 /* JARAuthor.h */,
				AAB411071D9EF765006E7E29 /* JARAuthor.m */,
				AAB411081D9EF765006E7E29 /* JARBook.h */,
				AAB411091D9EF765006E7E29 /* JARBook.m */,
				AAB4110A1D9EF765006E7E29 /* JARCover.h */,
				AAB4110B1D9EF765006E7E29 /* JARCover.m */,
				AAB4110C1D9EF765006E7E29 /* JARDate.h */,
				AAB4110D1D9EF765006E7E29 /* JARDate.m */,
				AAB4110E1D9EF765006E7E29 /* JARLabel.h */,
				AAB4110F1D9EF765006E7E29 /* JARLabel.m */,
				AAB411101D9EF765006E7E29 /* JARLocation.h */,
				AAB411111D9EF765006E7E29 /* JARLocation.m */,
				AAB411121D9EF765006E7E29 /* JARPdf.h */,
				AAB411131D9EF765006E7E29 /* JARPdf.m */,
				AAB411141D9EF765006E7E29 /* JARPhoto.h */,
				AAB411151D9EF765006E7E29 /* JARPhoto.m */,
				AAB411161D9EF765006E7E29 /* JARTag.h */,
				AAB411171D9EF765006E7E29 /* JARTag.m */,
				AAB411181D9EF765006E7E29 /* JARWriter.h */,
				AAB411191D9EF765006E7E29 /* JARWriter.m */,
			);
			name = Human;
			sourceTree = "<group>";
		};
		AAB411491D9EF84A006E7E29 /* Views */ = {
			isa = PBXGroup;
			children = (
				AAB4114A1D9EF8D6006E7E29 /* JARAnnotationViewCell.h */,
				AAB4114B1D9EF8D6006E7E29 /* JARAnnotationViewCell.m */,
				AAB4114C1D9EF8D6006E7E29 /* JARAnnotationViewCell.xib */,
			);
			name = Views;
			sourceTree = "<group>";
		};
/* End PBXGroup section */

/* Begin PBXNativeTarget section */
		AA2F4EA51D9ED6030049F6C0 /* HackerBooks2 */ = {
			isa = PBXNativeTarget;
			buildConfigurationList = AA2F4EC01D9ED6040049F6C0 /* Build configuration list for PBXNativeTarget "HackerBooks2" */;
			buildPhases = (
				AA2F4EA21D9ED6030049F6C0 /* Sources */,
				AA2F4EA31D9ED6030049F6C0 /* Frameworks */,
				AA2F4EA41D9ED6030049F6C0 /* Resources */,
			);
			buildRules = (
			);
			dependencies = (
			);
			name = HackerBooks2;
			productName = HackerBooks2;
			productReference = AA2F4EA61D9ED6030049F6C0 /* HackerBooks2.app */;
			productType = "com.apple.product-type.application";
		};
/* End PBXNativeTarget section */

/* Begin PBXProject section */
		AA2F4E9E1D9ED6030049F6C0 /* Project object */ = {
			isa = PBXProject;
			attributes = {
				LastUpgradeCheck = 0800;
				ORGANIZATIONNAME = "Juan Arillo Ruiz";
				TargetAttributes = {
					AA2F4EA51D9ED6030049F6C0 = {
						CreatedOnToolsVersion = 8.0;
						ProvisioningStyle = Automatic;
					};
				};
			};
			buildConfigurationList = AA2F4EA11D9ED6030049F6C0 /* Build configuration list for PBXProject "HackerBooks2" */;
			compatibilityVersion = "Xcode 3.2";
			developmentRegion = English;
			hasScannedForEncodings = 0;
			knownRegions = (
				en,
				Base,
			);
			mainGroup = AA2F4E9D1D9ED6030049F6C0;
			productRefGroup = AA2F4EA71D9ED6030049F6C0 /* Products */;
			projectDirPath = "";
			projectRoot = "";
			targets = (
				AA2F4EA51D9ED6030049F6C0 /* HackerBooks2 */,
			);
		};
/* End PBXProject section */

/* Begin PBXResourcesBuildPhase section */
		AA2F4EA41D9ED6030049F6C0 /* Resources */ = {
			isa = PBXResourcesBuildPhase;
			buildActionMask = 2147483647;
			files = (
				AA2F4EB91D9ED6040049F6C0 /* Assets.xcassets in Resources */,
				AAB4114E1D9EF8D6006E7E29 /* JARAnnotationViewCell.xib in Resources */,
			);
			runOnlyForDeploymentPostprocessing = 0;
		};
/* End PBXResourcesBuildPhase section */

/* Begin PBXSourcesBuildPhase section */
		AA2F4EA21D9ED6030049F6C0 /* Sources */ = {
			isa = PBXSourcesBuildPhase;
			buildActionMask = 2147483647;
			files = (
				AAB4113F1D9EF785006E7E29 /* _JARBook.m in Sources */,
				AAB411411D9EF785006E7E29 /* _JARCover.m in Sources */,
				AAB411451D9EF785006E7E29 /* _JARPdf.m in Sources */,
				AAB411441D9EF785006E7E29 /* _JARLocation.m in Sources */,
				AA2F4EAE1D9ED6040049F6C0 /* AppDelegate.m in Sources */,
				AAB4114D1D9EF8D6006E7E29 /* JARAnnotationViewCell.m in Sources */,
				AAB410DA1D9EDEC4006E7E29 /* Library.xcdatamodeld in Sources */,
				AAB411231D9EF765006E7E29 /* JARTag.m in Sources */,
				AAB411521D9F0A47006E7E29 /* JARViewController+Navigation.m in Sources */,
				AAB411481D9EF785006E7E29 /* _JARWriter.m in Sources */,
				AAB4111A1D9EF765006E7E29 /* JARAnnotation.m in Sources */,
				AA2F4ECF1D9EDAA30049F6C0 /* AGTCoreDataTableViewController.m in Sources */,
				AAB4111F1D9EF765006E7E29 /* JARLabel.m in Sources */,
				AAB411401D9EF785006E7E29 /* _JARBookResource.m in Sources */,
				AAB411461D9EF785006E7E29 /* _JARPhoto.m in Sources */,
				AAB4111B1D9EF765006E7E29 /* JARAuthor.m in Sources */,
				AAB4111D1D9EF765006E7E29 /* JARCover.m in Sources */,
				AAB4111C1D9EF765006E7E29 /* JARBook.m in Sources */,
				AAB410DD1D9EEADB006E7E29 /* JARLibraryBaseClass.m in Sources */,
				AAB411471D9EF785006E7E29 /* _JARTag.m in Sources */,
				AA2F4EAB1D9ED6030049F6C0 /* main.m in Sources */,
				AAB411421D9EF785006E7E29 /* _JARDate.m in Sources */,
				AAB411211D9EF765006E7E29 /* JARPdf.m in Sources */,
				AA2F4ECE1D9EDAA30049F6C0 /* AGTCoreDataStack.m in Sources */,
				AAB411201D9EF765006E7E29 /* JARLocation.m in Sources */,
				AAB4113D1D9EF785006E7E29 /* _JARAnnotation.m in Sources */,
				AAB411551D9F0BDF006E7E29 /* JARNSString+Validation.m in Sources */,
				AA2F4ECD1D9EDAA30049F6C0 /* AGTCoreDataCollectionViewController.m in Sources */,
				AAB411221D9EF765006E7E29 /* JARPhoto.m in Sources */,
				AAB4111E1D9EF765006E7E29 /* JARDate.m in Sources */,
				AAB4113E1D9EF785006E7E29 /* _JARAuthor.m in Sources */,
				AAB411241D9EF765006E7E29 /* JARWriter.m in Sources */,
				AAB411431D9EF785006E7E29 /* _JARLabel.m in Sources */,
				AAB410D61D9EDDB5006E7E29 /* JARDownloadHelper.m in Sources */,
			);
			runOnlyForDeploymentPostprocessing = 0;
		};
/* End PBXSourcesBuildPhase section */

/* Begin XCBuildConfiguration section */
		AA2F4EBE1D9ED6040049F6C0 /* Debug */ = {
			isa = XCBuildConfiguration;
			buildSettings = {
				ALWAYS_SEARCH_USER_PATHS = NO;
				CLANG_ANALYZER_NONNULL = YES;
				CLANG_CXX_LANGUAGE_STANDARD = "gnu++0x";
				CLANG_CXX_LIBRARY = "libc++";
				CLANG_ENABLE_MODULES = YES;
				CLANG_ENABLE_OBJC_ARC = YES;
				CLANG_WARN_BOOL_CONVERSION = YES;
				CLANG_WARN_CONSTANT_CONVERSION = YES;
				CLANG_WARN_DIRECT_OBJC_ISA_USAGE = YES_ERROR;
				CLANG_WARN_DOCUMENTATION_COMMENTS = YES;
				CLANG_WARN_EMPTY_BODY = YES;
				CLANG_WARN_ENUM_CONVERSION = YES;
				CLANG_WARN_INFINITE_RECURSION = YES;
				CLANG_WARN_INT_CONVERSION = YES;
				CLANG_WARN_OBJC_ROOT_CLASS = YES_ERROR;
				CLANG_WARN_SUSPICIOUS_MOVES = YES;
				CLANG_WARN_UNREACHABLE_CODE = YES;
				CLANG_WARN__DUPLICATE_METHOD_MATCH = YES;
				"CODE_SIGN_IDENTITY[sdk=iphoneos*]" = "iPhone Developer";
				COPY_PHASE_STRIP = NO;
				DEBUG_INFORMATION_FORMAT = dwarf;
				ENABLE_STRICT_OBJC_MSGSEND = YES;
				ENABLE_TESTABILITY = YES;
				GCC_C_LANGUAGE_STANDARD = gnu99;
				GCC_DYNAMIC_NO_PIC = NO;
				GCC_NO_COMMON_BLOCKS = YES;
				GCC_OPTIMIZATION_LEVEL = 0;
				GCC_PREPROCESSOR_DEFINITIONS = (
					"DEBUG=1",
					"$(inherited)",
				);
				GCC_WARN_64_TO_32_BIT_CONVERSION = YES;
				GCC_WARN_ABOUT_RETURN_TYPE = YES_ERROR;
				GCC_WARN_UNDECLARED_SELECTOR = YES;
				GCC_WARN_UNINITIALIZED_AUTOS = YES_AGGRESSIVE;
				GCC_WARN_UNUSED_FUNCTION = YES;
				GCC_WARN_UNUSED_VARIABLE = YES;
				IPHONEOS_DEPLOYMENT_TARGET = 10.0;
				MTL_ENABLE_DEBUG_INFO = YES;
				ONLY_ACTIVE_ARCH = YES;
				SDKROOT = iphoneos;
			};
			name = Debug;
		};
		AA2F4EBF1D9ED6040049F6C0 /* Release */ = {
			isa = XCBuildConfiguration;
			buildSettings = {
				ALWAYS_SEARCH_USER_PATHS = NO;
				CLANG_ANALYZER_NONNULL = YES;
				CLANG_CXX_LANGUAGE_STANDARD = "gnu++0x";
				CLANG_CXX_LIBRARY = "libc++";
				CLANG_ENABLE_MODULES = YES;
				CLANG_ENABLE_OBJC_ARC = YES;
				CLANG_WARN_BOOL_CONVERSION = YES;
				CLANG_WARN_CONSTANT_CONVERSION = YES;
				CLANG_WARN_DIRECT_OBJC_ISA_USAGE = YES_ERROR;
				CLANG_WARN_DOCUMENTATION_COMMENTS = YES;
				CLANG_WARN_EMPTY_BODY = YES;
				CLANG_WARN_ENUM_CONVERSION = YES;
				CLANG_WARN_INFINITE_RECURSION = YES;
				CLANG_WARN_INT_CONVERSION = YES;
				CLANG_WARN_OBJC_ROOT_CLASS = YES_ERROR;
				CLANG_WARN_SUSPICIOUS_MOVES = YES;
				CLANG_WARN_UNREACHABLE_CODE = YES;
				CLANG_WARN__DUPLICATE_METHOD_MATCH = YES;
				"CODE_SIGN_IDENTITY[sdk=iphoneos*]" = "iPhone Developer";
				COPY_PHASE_STRIP = NO;
				DEBUG_INFORMATION_FORMAT = "dwarf-with-dsym";
				ENABLE_NS_ASSERTIONS = NO;
				ENABLE_STRICT_OBJC_MSGSEND = YES;
				GCC_C_LANGUAGE_STANDARD = gnu99;
				GCC_NO_COMMON_BLOCKS = YES;
				GCC_WARN_64_TO_32_BIT_CONVERSION = YES;
				GCC_WARN_ABOUT_RETURN_TYPE = YES_ERROR;
				GCC_WARN_UNDECLARED_SELECTOR = YES;
				GCC_WARN_UNINITIALIZED_AUTOS = YES_AGGRESSIVE;
				GCC_WARN_UNUSED_FUNCTION = YES;
				GCC_WARN_UNUSED_VARIABLE = YES;
				IPHONEOS_DEPLOYMENT_TARGET = 10.0;
				MTL_ENABLE_DEBUG_INFO = NO;
				SDKROOT = iphoneos;
				VALIDATE_PRODUCT = YES;
			};
			name = Release;
		};
		AA2F4EC11D9ED6040049F6C0 /* Debug */ = {
			isa = XCBuildConfiguration;
			buildSettings = {
				ASSETCATALOG_COMPILER_APPICON_NAME = AppIcon;
				INFOPLIST_FILE = HackerBooks2/Info.plist;
				LD_RUNPATH_SEARCH_PATHS = "$(inherited) @executable_path/Frameworks";
				PRODUCT_BUNDLE_IDENTIFIER = com.juarru.HackerBooks2;
				PRODUCT_NAME = "$(TARGET_NAME)";
				TARGETED_DEVICE_FAMILY = "1,2";
			};
			name = Debug;
		};
		AA2F4EC21D9ED6040049F6C0 /* Release */ = {
			isa = XCBuildConfiguration;
			buildSettings = {
				ASSETCATALOG_COMPILER_APPICON_NAME = AppIcon;
				INFOPLIST_FILE = HackerBooks2/Info.plist;
				LD_RUNPATH_SEARCH_PATHS = "$(inherited) @executable_path/Frameworks";
				PRODUCT_BUNDLE_IDENTIFIER = com.juarru.HackerBooks2;
				PRODUCT_NAME = "$(TARGET_NAME)";
				TARGETED_DEVICE_FAMILY = "1,2";
			};
			name = Release;
		};
/* End XCBuildConfiguration section */

/* Begin XCConfigurationList section */
		AA2F4EA11D9ED6030049F6C0 /* Build configuration list for PBXProject "HackerBooks2" */ = {
			isa = XCConfigurationList;
			buildConfigurations = (
				AA2F4EBE1D9ED6040049F6C0 /* Debug */,
				AA2F4EBF1D9ED6040049F6C0 /* Release */,
			);
			defaultConfigurationIsVisible = 0;
			defaultConfigurationName = Release;
		};
		AA2F4EC01D9ED6040049F6C0 /* Build configuration list for PBXNativeTarget "HackerBooks2" */ = {
			isa = XCConfigurationList;
			buildConfigurations = (
				AA2F4EC11D9ED6040049F6C0 /* Debug */,
				AA2F4EC21D9ED6040049F6C0 /* Release */,
			);
			defaultConfigurationIsVisible = 0;
			defaultConfigurationName = Release;
		};
/* End XCConfigurationList section */

/* Begin XCVersionGroup section */
		AAB410D81D9EDEC4006E7E29 /* Library.xcdatamodeld */ = {
			isa = XCVersionGroup;
			children = (
				AAB410D91D9EDEC4006E7E29 /* Library.xcdatamodel */,
			);
			currentVersion = AAB410D91D9EDEC4006E7E29 /* Library.xcdatamodel */;
			path = Library.xcdatamodeld;
			sourceTree = "<group>";
			versionGroupType = wrapper.xcdatamodel;
		};
/* End XCVersionGroup section */
	};
	rootObject = AA2F4E9E1D9ED6030049F6C0 /* Project object */;
}
